interactions:
- request:
    body: '{"method": "eth_blockNumber", "params": [], "jsonrpc": "2.0", "id": 1}'
    headers:
      Content-Type:
      - application/json
    method: POST
    uri: https://api.shasta.trongrid.io/jsonrpc
  response:
    body:
      string: '{"jsonrpc":"2.0","id":1,"result":"0x2aaaa5d"}

        '
    headers:
      Access-Control-Allow-Credentials:
      - 'true'
      Access-Control-Allow-Headers:
      - '*'
      Access-Control-Allow-Methods:
      - GET, POST, OPTIONS
      Access-Control-Allow-Origin:
      - '*'
      Connection:
      - keep-alive
      Content-Length:
      - '46'
      Content-Type:
      - application/json; charset=utf-8
      Date:
      - Fri, 07 Jun 2024 11:22:22 GMT
      Server:
      - openresty
    status:
      code: 200
      message: OK
version: 1
