interactions:
- request:
    body: '{"method": "eth_blockNumber", "params": [], "jsonrpc": "2.0", "id": 1}'
    headers: {}
    method: POST
    uri: https://polygon-amoy-bor-rpc.publicnode.com
  response:
    body:
      string: '{"jsonrpc":"2.0","result":"0x70b3df","id":1}

        '
    headers:
      Access-Control-Max-Age:
      - '1728000'
      CF-Cache-Status:
      - DYNAMIC
      CF-RAY:
      - 8882ea3ddfff63d8-LHR
      Connection:
      - keep-alive
      Content-Length:
      - '45'
      Content-Type:
      - application/json
      Date:
      - Thu, 23 May 2024 06:16:03 GMT
      Server:
      - cloudflare
      Vary:
      - Origin, accept-encoding
      X-Content-Type-Options:
      - nosniff
      alt-svc:
      - h3=":443"; ma=86400
      strict-transport-security:
      - max-age=31536000; includeSubDomains; preload
      x-envoy-upstream-service-time:
      - '1'
    status:
      code: 200
      message: OK
version: 1
