interactions:
- request:
    body: '{"method": "getblockcount", "params": [], "jsonrpc": "2.0", "id": "curltest"}'
    headers: {}
    method: POST
    uri: https://api.tatum.io/v3/blockchain/node/litecoin-core-testnet/t-66b98fa76a2e46001c79a063-6be61af199b34129a4797ed2/
  response:
    body:
      string: '{"result":3247853,"error":null,"id":"curltest"}'
    headers:
      Access-Control-Allow-Origin:
      - '*'
      CF-Cache-Status:
      - DYNAMIC
      CF-RAY:
      - 87e945bad96963b5-LHR
      Connection:
      - keep-alive
      Content-Length:
      - '47'
      Content-Type:
      - application/json; charset=utf-8
      Date:
      - Sat, 04 May 2024 14:45:03 GMT
      Etag:
      - W/"2f-mHTOSxEhnqMp2g8MHO4JVH2H5uA"
      NEL:
      - '{"success_fraction":0,"report_to":"cf-nel","max_age":604800}'
      Report-To:
      - '{"endpoints":[{"url":"https:\/\/a.nel.cloudflare.com\/report\/v4?s=YWIEB3gdVKtW%2BVtTaFu2JCJOWU1tQKWMzPagTj4TW3AVePfo60fNQ%2BwMBDNecG8Q5vmEd5r9U%2Bo3mH7xAWwIrQcnP8qPSiih2okVI0aLXfQpYCAucDQwH3LwkQRc9Hc%3D"}],"group":"cf-nel","max_age":604800}'
      Server:
      - cloudflare
      Via:
      - 1.1 google
      alt-svc:
      - h3=":443"; ma=86400
      content-security-policy:
      - 'default-src ''self'';base-uri ''self'';block-all-mixed-content;font-src ''self''
        https: data:;frame-ancestors ''self'';img-src ''self'' data:;object-src ''none'';script-src
        ''self'';script-src-attr ''none'';style-src ''self'' https: ''unsafe-inline'';upgrade-insecure-requests'
      expect-ct:
      - max-age=0
      referrer-policy:
      - no-referrer
      strict-transport-security:
      - max-age=15552000; includeSubDomains
      x-content-type-options:
      - nosniff
      x-dns-prefetch-control:
      - 'off'
      x-download-options:
      - noopen
      x-frame-options:
      - SAMEORIGIN
      x-lgroup:
      - v3:::4
      x-permitted-cross-domain-policies:
      - none
      x-ratelimit-persec:
      - '3'
      x-xss-protection:
      - '0'
    status:
      code: 200
      message: OK
version: 1
